// !$*UTF8*$!
{
	archiveVersion = 1;
	classes = {
	};
	objectVersion = 50;
	objects = {

/* Begin PBXBuildFile section */
		6D05C77D268D02CB006B8299 /* AppDelegate.swift in Sources */ = {isa = PBXBuildFile; fileRef = 6D05C77C268D02CB006B8299 /* AppDelegate.swift */; };
		6D05C77F268D02CB006B8299 /* SceneDelegate.swift in Sources */ = {isa = PBXBuildFile; fileRef = 6D05C77E268D02CB006B8299 /* SceneDelegate.swift */; };
		6D05C781268D02CB006B8299 /* MoviesListViewController.swift in Sources */ = {isa = PBXBuildFile; fileRef = 6D05C780268D02CB006B8299 /* MoviesListViewController.swift */; };
		6D05C784268D02CB006B8299 /* Main.storyboard in Resources */ = {isa = PBXBuildFile; fileRef = 6D05C782268D02CB006B8299 /* Main.storyboard */; };
		6D05C786268D02CC006B8299 /* Assets.xcassets in Resources */ = {isa = PBXBuildFile; fileRef = 6D05C785268D02CC006B8299 /* Assets.xcassets */; };
		6D05C789268D02CC006B8299 /* LaunchScreen.storyboard in Resources */ = {isa = PBXBuildFile; fileRef = 6D05C787268D02CC006B8299 /* LaunchScreen.storyboard */; };
		6D05C791268D03CF006B8299 /* HTTPService.swift in Sources */ = {isa = PBXBuildFile; fileRef = 6D05C790268D03CF006B8299 /* HTTPService.swift */; };
		6D05C795268D041F006B8299 /* Movie.swift in Sources */ = {isa = PBXBuildFile; fileRef = 6D05C794268D041F006B8299 /* Movie.swift */; };
		6D05C79A268D0629006B8299 /* MovieListTableViewCell.swift in Sources */ = {isa = PBXBuildFile; fileRef = 6D05C799268D0629006B8299 /* MovieListTableViewCell.swift */; };
		6D152FB4268E21D100D88005 /* Constants.swift in Sources */ = {isa = PBXBuildFile; fileRef = 6D152FB3268E21D100D88005 /* Constants.swift */; };
		6D539DBE268E09B2008351AD /* MovieDetailsViewController.swift in Sources */ = {isa = PBXBuildFile; fileRef = 6D539DBD268E09B2008351AD /* MovieDetailsViewController.swift */; };
		6DA190C5268F6FF9000AD598 /* Genre.swift in Sources */ = {isa = PBXBuildFile; fileRef = 6DA190C4268F6FF9000AD598 /* Genre.swift */; };
		6DA190C7268F769D000AD598 /* Cache.swift in Sources */ = {isa = PBXBuildFile; fileRef = 6DA190C6268F769D000AD598 /* Cache.swift */; };
/* End PBXBuildFile section */

/* Begin PBXFileReference section */
		6D05C779268D02CB006B8299 /* Api-TMDB.app */ = {isa = PBXFileReference; explicitFileType = wrapper.application; includeInIndex = 0; path = "Api-TMDB.app"; sourceTree = BUILT_PRODUCTS_DIR; };
		6D05C77C268D02CB006B8299 /* AppDelegate.swift */ = {isa = PBXFileReference; lastKnownFileType = sourcecode.swift; path = AppDelegate.swift; sourceTree = "<group>"; };
		6D05C77E268D02CB006B8299 /* SceneDelegate.swift */ = {isa = PBXFileReference; lastKnownFileType = sourcecode.swift; path = SceneDelegate.swift; sourceTree = "<group>"; };
		6D05C780268D02CB006B8299 /* MoviesListViewController.swift */ = {isa = PBXFileReference; lastKnownFileType = sourcecode.swift; path = MoviesListViewController.swift; sourceTree = "<group>"; };
		6D05C783268D02CB006B8299 /* Base */ = {isa = PBXFileReference; lastKnownFileType = file.storyboard; name = Base; path = Base.lproj/Main.storyboard; sourceTree = "<group>"; };
		6D05C785268D02CC006B8299 /* Assets.xcassets */ = {isa = PBXFileReference; lastKnownFileType = folder.assetcatalog; path = Assets.xcassets; sourceTree = "<group>"; };
		6D05C788268D02CC006B8299 /* Base */ = {isa = PBXFileReference; lastKnownFileType = file.storyboard; name = Base; path = Base.lproj/LaunchScreen.storyboard; sourceTree = "<group>"; };
		6D05C78A268D02CC006B8299 /* Info.plist */ = {isa = PBXFileReference; lastKnownFileType = text.plist.xml; path = Info.plist; sourceTree = "<group>"; };
		6D05C790268D03CF006B8299 /* HTTPService.swift */ = {isa = PBXFileReference; lastKnownFileType = sourcecode.swift; path = HTTPService.swift; sourceTree = "<group>"; };
		6D05C794268D041F006B8299 /* Movie.swift */ = {isa = PBXFileReference; lastKnownFileType = sourcecode.swift; path = Movie.swift; sourceTree = "<group>"; };
		6D05C799268D0629006B8299 /* MovieListTableViewCell.swift */ = {isa = PBXFileReference; lastKnownFileType = sourcecode.swift; path = MovieListTableViewCell.swift; sourceTree = "<group>"; };
		6D152FB3268E21D100D88005 /* Constants.swift */ = {isa = PBXFileReference; lastKnownFileType = sourcecode.swift; path = Constants.swift; sourceTree = "<group>"; };
		6D539DBD268E09B2008351AD /* MovieDetailsViewController.swift */ = {isa = PBXFileReference; lastKnownFileType = sourcecode.swift; path = MovieDetailsViewController.swift; sourceTree = "<group>"; };
		6DA190C4268F6FF9000AD598 /* Genre.swift */ = {isa = PBXFileReference; lastKnownFileType = sourcecode.swift; path = Genre.swift; sourceTree = "<group>"; };
		6DA190C6268F769D000AD598 /* Cache.swift */ = {isa = PBXFileReference; lastKnownFileType = sourcecode.swift; path = Cache.swift; sourceTree = "<group>"; };
/* End PBXFileReference section */

/* Begin PBXFrameworksBuildPhase section */
		6D05C776268D02CB006B8299 /* Frameworks */ = {
			isa = PBXFrameworksBuildPhase;
			buildActionMask = 2147483647;
			files = (
			);
			runOnlyForDeploymentPostprocessing = 0;
		};
/* End PBXFrameworksBuildPhase section */

/* Begin PBXGroup section */
		6D05C770268D02CB006B8299 = {
			isa = PBXGroup;
			children = (
				6D05C77B268D02CB006B8299 /* Api-TMDB */,
				6D05C77A268D02CB006B8299 /* Products */,
			);
			sourceTree = "<group>";
		};
		6D05C77A268D02CB006B8299 /* Products */ = {
			isa = PBXGroup;
			children = (
				6D05C779268D02CB006B8299 /* Api-TMDB.app */,
			);
			name = Products;
			sourceTree = "<group>";
		};
		6D05C77B268D02CB006B8299 /* Api-TMDB */ = {
			isa = PBXGroup;
			children = (
				6D152FB2268E21C000D88005 /* Resources */,
				6D05C798268D0515006B8299 /* Storyboards */,
				6D05C797268D050B006B8299 /* Controllers */,
				6D05C796268D0502006B8299 /* Views */,
				6D05C793268D0406006B8299 /* Services */,
				6D05C792268D0401006B8299 /* Models */,
				6D05C77C268D02CB006B8299 /* AppDelegate.swift */,
				6DA190C6268F769D000AD598 /* Cache.swift */,
				6D05C77E268D02CB006B8299 /* SceneDelegate.swift */,
				6D05C78A268D02CC006B8299 /* Info.plist */,
			);
			path = "Api-TMDB";
			sourceTree = "<group>";
		};
		6D05C792268D0401006B8299 /* Models */ = {
			isa = PBXGroup;
			children = (
				6D05C794268D041F006B8299 /* Movie.swift */,
				6DA190C4268F6FF9000AD598 /* Genre.swift */,
			);
			path = Models;
			sourceTree = "<group>";
		};
		6D05C793268D0406006B8299 /* Services */ = {
			isa = PBXGroup;
			children = (
				6D05C790268D03CF006B8299 /* HTTPService.swift */,
			);
			path = Services;
			sourceTree = "<group>";
		};
		6D05C796268D0502006B8299 /* Views */ = {
			isa = PBXGroup;
			children = (
				6D05C799268D0629006B8299 /* MovieListTableViewCell.swift */,
			);
			path = Views;
			sourceTree = "<group>";
		};
		6D05C797268D050B006B8299 /* Controllers */ = {
			isa = PBXGroup;
			children = (
				6D05C780268D02CB006B8299 /* MoviesListViewController.swift */,
				6D539DBD268E09B2008351AD /* MovieDetailsViewController.swift */,
			);
			path = Controllers;
			sourceTree = "<group>";
		};
		6D05C798268D0515006B8299 /* Storyboards */ = {
			isa = PBXGroup;
			children = (
				6D05C782268D02CB006B8299 /* Main.storyboard */,
				6D05C787268D02CC006B8299 /* LaunchScreen.storyboard */,
			);
			path = Storyboards;
			sourceTree = "<group>";
		};
		6D152FB2268E21C000D88005 /* Resources */ = {
			isa = PBXGroup;
			children = (
				6D05C785268D02CC006B8299 /* Assets.xcassets */,
				6D152FB3268E21D100D88005 /* Constants.swift */,
			);
			path = Resources;
			sourceTree = "<group>";
		};
/* End PBXGroup section */

/* Begin PBXNativeTarget section */
		6D05C778268D02CB006B8299 /* Api-TMDB */ = {
			isa = PBXNativeTarget;
			buildConfigurationList = 6D05C78D268D02CC006B8299 /* Build configuration list for PBXNativeTarget "Api-TMDB" */;
			buildPhases = (
				6D05C775268D02CB006B8299 /* Sources */,
				6D05C776268D02CB006B8299 /* Frameworks */,
				6D05C777268D02CB006B8299 /* Resources */,
			);
			buildRules = (
			);
			dependencies = (
			);
			name = "Api-TMDB";
			productName = "Api-TMDB";
			productReference = 6D05C779268D02CB006B8299 /* Api-TMDB.app */;
			productType = "com.apple.product-type.application";
		};
/* End PBXNativeTarget section */

/* Begin PBXProject section */
		6D05C771268D02CB006B8299 /* Project object */ = {
			isa = PBXProject;
			attributes = {
				LastSwiftUpdateCheck = 1250;
				LastUpgradeCheck = 1250;
				TargetAttributes = {
					6D05C778268D02CB006B8299 = {
						CreatedOnToolsVersion = 12.5.1;
					};
				};
			};
			buildConfigurationList = 6D05C774268D02CB006B8299 /* Build configuration list for PBXProject "Api-TMDB" */;
			compatibilityVersion = "Xcode 9.3";
			developmentRegion = en;
			hasScannedForEncodings = 0;
			knownRegions = (
				en,
				Base,
			);
			mainGroup = 6D05C770268D02CB006B8299;
			productRefGroup = 6D05C77A268D02CB006B8299 /* Products */;
			projectDirPath = "";
			projectRoot = "";
			targets = (
				6D05C778268D02CB006B8299 /* Api-TMDB */,
			);
		};
/* End PBXProject section */

/* Begin PBXResourcesBuildPhase section */
		6D05C777268D02CB006B8299 /* Resources */ = {
			isa = PBXResourcesBuildPhase;
			buildActionMask = 2147483647;
			files = (
				6D05C789268D02CC006B8299 /* LaunchScreen.storyboard in Resources */,
				6D05C786268D02CC006B8299 /* Assets.xcassets in Resources */,
				6D05C784268D02CB006B8299 /* Main.storyboard in Resources */,
			);
			runOnlyForDeploymentPostprocessing = 0;
		};
/* End PBXResourcesBuildPhase section */

/* Begin PBXSourcesBuildPhase section */
		6D05C775268D02CB006B8299 /* Sources */ = {
			isa = PBXSourcesBuildPhase;
			buildActionMask = 2147483647;
			files = (
				6DA190C5268F6FF9000AD598 /* Genre.swift in Sources */,
				6D05C781268D02CB006B8299 /* MoviesListViewController.swift in Sources */,
				6D05C791268D03CF006B8299 /* HTTPService.swift in Sources */,
				6D05C77D268D02CB006B8299 /* AppDelegate.swift in Sources */,
				6D539DBE268E09B2008351AD /* MovieDetailsViewController.swift in Sources */,
				6D05C77F268D02CB006B8299 /* SceneDelegate.swift in Sources */,
				6DA190C7268F769D000AD598 /* Cache.swift in Sources */,
				6D05C79A268D0629006B8299 /* MovieListTableViewCell.swift in Sources */,
				6D05C795268D041F006B8299 /* Movie.swift in Sources */,
				6D152FB4268E21D100D88005 /* Constants.swift in Sources */,
			);
			runOnlyForDeploymentPostprocessing = 0;
		};
/* End PBXSourcesBuildPhase section */

/* Begin PBXVariantGroup section */
		6D05C782268D02CB006B8299 /* Main.storyboard */ = {
			isa = PBXVariantGroup;
			children = (
				6D05C783268D02CB006B8299 /* Base */,
			);
			name = Main.storyboard;
			sourceTree = "<group>";
		};
		6D05C787268D02CC006B8299 /* LaunchScreen.storyboard */ = {
			isa = PBXVariantGroup;
			children = (
				6D05C788268D02CC006B8299 /* Base */,
			);
			name = LaunchScreen.storyboard;
			sourceTree = "<group>";
		};
/* End PBXVariantGroup section */

/* Begin XCBuildConfiguration section */
		6D05C78B268D02CC006B8299 /* Debug */ = {
			isa = XCBuildConfiguration;
			buildSettings = {
				ALWAYS_SEARCH_USER_PATHS = NO;
				CLANG_ANALYZER_NONNULL = YES;
				CLANG_ANALYZER_NUMBER_OBJECT_CONVERSION = YES_AGGRESSIVE;
				CLANG_CXX_LANGUAGE_STANDARD = "gnu++14";
				CLANG_CXX_LIBRARY = "libc++";
				CLANG_ENABLE_MODULES = YES;
				CLANG_ENABLE_OBJC_ARC = YES;
				CLANG_ENABLE_OBJC_WEAK = YES;
				CLANG_WARN_BLOCK_CAPTURE_AUTORELEASING = YES;
				CLANG_WARN_BOOL_CONVERSION = YES;
				CLANG_WARN_COMMA = YES;
				CLANG_WARN_CONSTANT_CONVERSION = YES;
				CLANG_WARN_DEPRECATED_OBJC_IMPLEMENTATIONS = YES;
				CLANG_WARN_DIRECT_OBJC_ISA_USAGE = YES_ERROR;
				CLANG_WARN_DOCUMENTATION_COMMENTS = YES;
				CLANG_WARN_EMPTY_BODY = YES;
				CLANG_WARN_ENUM_CONVERSION = YES;
				CLANG_WARN_INFINITE_RECURSION = YES;
				CLANG_WARN_INT_CONVERSION = YES;
				CLANG_WARN_NON_LITERAL_NULL_CONVERSION = YES;
				CLANG_WARN_OBJC_IMPLICIT_RETAIN_SELF = YES;
				CLANG_WARN_OBJC_LITERAL_CONVERSION = YES;
				CLANG_WARN_OBJC_ROOT_CLASS = YES_ERROR;
				CLANG_WARN_QUOTED_INCLUDE_IN_FRAMEWORK_HEADER = YES;
				CLANG_WARN_RANGE_LOOP_ANALYSIS = YES;
				CLANG_WARN_STRICT_PROTOTYPES = YES;
				CLANG_WARN_SUSPICIOUS_MOVE = YES;
				CLANG_WARN_UNGUARDED_AVAILABILITY = YES_AGGRESSIVE;
				CLANG_WARN_UNREACHABLE_CODE = YES;
				CLANG_WARN__DUPLICATE_METHOD_MATCH = YES;
				COPY_PHASE_STRIP = NO;
				DEBUG_INFORMATION_FORMAT = dwarf;
				ENABLE_STRICT_OBJC_MSGSEND = YES;
				ENABLE_TESTABILITY = YES;
				GCC_C_LANGUAGE_STANDARD = gnu11;
				GCC_DYNAMIC_NO_PIC = NO;
				GCC_NO_COMMON_BLOCKS = YES;
				GCC_OPTIMIZATION_LEVEL = 0;
				GCC_PREPROCESSOR_DEFINITIONS = (
					"DEBUG=1",
					"$(inherited)",
				);
				GCC_WARN_64_TO_32_BIT_CONVERSION = YES;
				GCC_WARN_ABOUT_RETURN_TYPE = YES_ERROR;
				GCC_WARN_UNDECLARED_SELECTOR = YES;
				GCC_WARN_UNINITIALIZED_AUTOS = YES_AGGRESSIVE;
				GCC_WARN_UNUSED_FUNCTION = YES;
				GCC_WARN_UNUSED_VARIABLE = YES;
				IPHONEOS_DEPLOYMENT_TARGET = 14.5;
				MTL_ENABLE_DEBUG_INFO = INCLUDE_SOURCE;
				MTL_FAST_MATH = YES;
				ONLY_ACTIVE_ARCH = YES;
				SDKROOT = iphoneos;
				SWIFT_ACTIVE_COMPILATION_CONDITIONS = DEBUG;
				SWIFT_OPTIMIZATION_LEVEL = "-Onone";
			};
			name = Debug;
		};
		6D05C78C268D02CC006B8299 /* Release */ = {
			isa = XCBuildConfiguration;
			buildSettings = {
				ALWAYS_SEARCH_USER_PATHS = NO;
				CLANG_ANALYZER_NONNULL = YES;
				CLANG_ANALYZER_NUMBER_OBJECT_CONVERSION = YES_AGGRESSIVE;
				CLANG_CXX_LANGUAGE_STANDARD = "gnu++14";
				CLANG_CXX_LIBRARY = "libc++";
				CLANG_ENABLE_MODULES = YES;
				CLANG_ENABLE_OBJC_ARC = YES;
				CLANG_ENABLE_OBJC_WEAK = YES;
				CLANG_WARN_BLOCK_CAPTURE_AUTORELEASING = YES;
				CLANG_WARN_BOOL_CONVERSION = YES;
				CLANG_WARN_COMMA = YES;
				CLANG_WARN_CONSTANT_CONVERSION = YES;
				CLANG_WARN_DEPRECATED_OBJC_IMPLEMENTATIONS = YES;
				CLANG_WARN_DIRECT_OBJC_ISA_USAGE = YES_ERROR;
				CLANG_WARN_DOCUMENTATION_COMMENTS = YES;
				CLANG_WARN_EMPTY_BODY = YES;
				CLANG_WARN_ENUM_CONVERSION = YES;
				CLANG_WARN_INFINITE_RECURSION = YES;
				CLANG_WARN_INT_CONVERSION = YES;
				CLANG_WARN_NON_LITERAL_NULL_CONVERSION = YES;
				CLANG_WARN_OBJC_IMPLICIT_RETAIN_SELF = YES;
				CLANG_WARN_OBJC_LITERAL_CONVERSION = YES;
				CLANG_WARN_OBJC_ROOT_CLASS = YES_ERROR;
				CLANG_WARN_QUOTED_INCLUDE_IN_FRAMEWORK_HEADER = YES;
				CLANG_WARN_RANGE_LOOP_ANALYSIS = YES;
				CLANG_WARN_STRICT_PROTOTYPES = YES;
				CLANG_WARN_SUSPICIOUS_MOVE = YES;
				CLANG_WARN_UNGUARDED_AVAILABILITY = YES_AGGRESSIVE;
				CLANG_WARN_UNREACHABLE_CODE = YES;
				CLANG_WARN__DUPLICATE_METHOD_MATCH = YES;
				COPY_PHASE_STRIP = NO;
				DEBUG_INFORMATION_FORMAT = "dwarf-with-dsym";
				ENABLE_NS_ASSERTIONS = NO;
				ENABLE_STRICT_OBJC_MSGSEND = YES;
				GCC_C_LANGUAGE_STANDARD = gnu11;
				GCC_NO_COMMON_BLOCKS = YES;
				GCC_WARN_64_TO_32_BIT_CONVERSION = YES;
				GCC_WARN_ABOUT_RETURN_TYPE = YES_ERROR;
				GCC_WARN_UNDECLARED_SELECTOR = YES;
				GCC_WARN_UNINITIALIZED_AUTOS = YES_AGGRESSIVE;
				GCC_WARN_UNUSED_FUNCTION = YES;
				GCC_WARN_UNUSED_VARIABLE = YES;
				IPHONEOS_DEPLOYMENT_TARGET = 14.5;
				MTL_ENABLE_DEBUG_INFO = NO;
				MTL_FAST_MATH = YES;
				SDKROOT = iphoneos;
				SWIFT_COMPILATION_MODE = wholemodule;
				SWIFT_OPTIMIZATION_LEVEL = "-O";
				VALIDATE_PRODUCT = YES;
			};
			name = Release;
		};
		6D05C78E268D02CC006B8299 /* Debug */ = {
			isa = XCBuildConfiguration;
			buildSettings = {
				ASSETCATALOG_COMPILER_APPICON_NAME = AppIcon;
				ASSETCATALOG_COMPILER_GLOBAL_ACCENT_COLOR_NAME = AccentColor;
				CODE_SIGN_STYLE = Automatic;
				DEVELOPMENT_TEAM = 3XP27NL574;
				INFOPLIST_FILE = "Api-TMDB/Info.plist";
				LD_RUNPATH_SEARCH_PATHS = (
					"$(inherited)",
					"@executable_path/Frameworks",
				);
				PRODUCT_BUNDLE_IDENTIFIER = "com.pedropacheco.Api-TMDB";
				PRODUCT_NAME = "$(TARGET_NAME)";
				SWIFT_VERSION = 5.0;
				TARGETED_DEVICE_FAMILY = "1,2";
			};
			name = Debug;
		};
		6D05C78F268D02CC006B8299 /* Release */ = {
			isa = XCBuildConfiguration;
			buildSettings = {
				ASSETCATALOG_COMPILER_APPICON_NAME = AppIcon;
				ASSETCATALOG_COMPILER_GLOBAL_ACCENT_COLOR_NAME = AccentColor;
				CODE_SIGN_STYLE = Automatic;
				DEVELOPMENT_TEAM = 3XP27NL574;
				INFOPLIST_FILE = "Api-TMDB/Info.plist";
				LD_RUNPATH_SEARCH_PATHS = (
					"$(inherited)",
					"@executable_path/Frameworks",
				);
				PRODUCT_BUNDLE_IDENTIFIER = "com.pedropacheco.Api-TMDB";
				PRODUCT_NAME = "$(TARGET_NAME)";
				SWIFT_VERSION = 5.0;
				TARGETED_DEVICE_FAMILY = "1,2";
			};
			name = Release;
		};
/* End XCBuildConfiguration section */

/* Begin XCConfigurationList section */
		6D05C774268D02CB006B8299 /* Build configuration list for PBXProject "Api-TMDB" */ = {
			isa = XCConfigurationList;
			buildConfigurations = (
				6D05C78B268D02CC006B8299 /* Debug */,
				6D05C78C268D02CC006B8299 /* Release */,
			);
			defaultConfigurationIsVisible = 0;
			defaultConfigurationName = Release;
		};
		6D05C78D268D02CC006B8299 /* Build configuration list for PBXNativeTarget "Api-TMDB" */ = {
			isa = XCConfigurationList;
			buildConfigurations = (
				6D05C78E268D02CC006B8299 /* Debug */,
				6D05C78F268D02CC006B8299 /* Release */,
			);
			defaultConfigurationIsVisible = 0;
			defaultConfigurationName = Release;
		};
/* End XCConfigurationList section */
	};
	rootObject = 6D05C771268D02CB006B8299 /* Project object */;
}
